<?xml version="1.0" encoding="utf-8"?>
<Project ToolsVersion="4.0" xmlns="http://schemas.microsoft.com/developer/msbuild/2003">
  <ItemGroup>
    <Filter Include="Resource Files">
      <UniqueIdentifier>{67DA6AB6-F800-4c08-8B7A-83BB121AAD01}</UniqueIdentifier>
      <Extensions>rc;ico;cur;bmp;dlg;rc2;rct;bin;rgs;gif;jpg;jpeg;jpe;resx;tiff;tif;png;wav;mfcribbon-ms</Extensions>
    </Filter>
    <Filter Include="Media">
      <UniqueIdentifier>{68223e78-211b-4487-8b72-aff21c0ab7b6}</UniqueIdentifier>
    </Filter>
    <Filter Include="Plugins">
      <UniqueIdentifier>{03330f54-94cc-4a83-9188-e87f2299e152}</UniqueIdentifier>
    </Filter>
    <Filter Include="Dolphin">
      <UniqueIdentifier>{b617f3b7-20c8-49b3-9834-2b1fd6c61633}</UniqueIdentifier>
    </Filter>
    <Filter Include="Analysis">
      <UniqueIdentifier>{932c7623-f4b0-485e-9fe1-b88009ba5cd4}</UniqueIdentifier>
    </Filter>
    <Filter Include="Common">
      <UniqueIdentifier>{2e715537-9a48-492e-bc83-e18efa2f71ba}</UniqueIdentifier>
    </Filter>
    <Filter Include="Base">
      <UniqueIdentifier>{ba5d1ddc-f592-40b7-ad57-7b1a1b47232f}</UniqueIdentifier>
    </Filter>
    <Filter Include="Storage">
      <UniqueIdentifier>{3cadbccb-c04c-4362-bc08-dec5bae06a32}</UniqueIdentifier>
    </Filter>
    <Filter Include="Web">
      <UniqueIdentifier>{f4e7d2de-e2b2-4f2f-8e64-4c5bfc76f9a9}</UniqueIdentifier>
    </Filter>
    <Filter Include="Codec">
      <UniqueIdentifier>{bd38146b-f29a-43fb-91b1-13363f7fa37d}</UniqueIdentifier>
    </Filter>
    <Filter Include="Config">
      <UniqueIdentifier>{77729166-8752-410c-8a2e-7c7fdfd9a608}</UniqueIdentifier>
    </Filter>
    <Filter Include="Database">
      <UniqueIdentifier>{d1ecc76c-f208-417a-a3ed-9e2a0717014f}</UniqueIdentifier>
    </Filter>
    <Filter Include="Sources">
      <UniqueIdentifier>{23595298-517b-4665-8f08-bfaa0d83dcbf}</UniqueIdentifier>
    </Filter>
    <Filter Include="Image">
      <UniqueIdentifier>{0137ae9f-6ae9-4afd-8072-bd9d62133aef}</UniqueIdentifier>
    </Filter>
    <Filter Include="Event">
      <UniqueIdentifier>{60b186b0-aa6c-4322-8dfa-33b75c36e1b4}</UniqueIdentifier>
    </Filter>
  </ItemGroup>
  <ItemGroup>
    <Text Include="ReadMe.txt" />
  </ItemGroup>
  <ItemGroup>
    <ClInclude Include="PluginMgr.h">
      <Filter>Plugins</Filter>
    </ClInclude>
    <ClInclude Include="stdafx.h">
      <Filter>Dolphin</Filter>
    </ClInclude>
    <ClInclude Include="targetver.h">
      <Filter>Dolphin</Filter>
    </ClInclude>
    <ClInclude Include="MediaMgr.h">
      <Filter>Media</Filter>
    </ClInclude>
    <ClInclude Include="PlugItem.h">
      <Filter>Plugins</Filter>
    </ClInclude>
    <ClInclude Include="AnalysisMgr.h">
      <Filter>Analysis</Filter>
    </ClInclude>
    <ClInclude Include="Consumer.h">
      <Filter>Base</Filter>
    </ClInclude>
    <ClInclude Include="Producer.h">
      <Filter>Base</Filter>
    </ClInclude>
    <ClInclude Include="Engine.h">
      <Filter>Base</Filter>
    </ClInclude>
    <ClInclude Include="MediaSession.h">
      <Filter>Media</Filter>
    </ClInclude>
    <ClInclude Include="Archieve.h">
      <Filter>Storage</Filter>
    </ClInclude>
    <ClInclude Include="Decoder.h">
      <Filter>Codec</Filter>
    </ClInclude>
    <ClInclude Include="Encoder.h">
      <Filter>Codec</Filter>
    </ClInclude>
    <ClInclude Include="Database.h">
      <Filter>Database</Filter>
    </ClInclude>
    <ClInclude Include="StreamProcducer.h">
      <Filter>Media</Filter>
    </ClInclude>
    <ClInclude Include="Plugin.h">
      <Filter>Plugins</Filter>
    </ClInclude>
    <ClInclude Include="DolphinWebService.h">
      <Filter>Web</Filter>
    </ClInclude>
    <ClInclude Include="Playlist.h">
      <Filter>Media</Filter>
    </ClInclude>
    <ClInclude Include="RecordConsumer.h">
      <Filter>Storage</Filter>
    </ClInclude>
    <ClInclude Include="DiskMgr.h">
      <Filter>Storage</Filter>
    </ClInclude>
    <ClInclude Include="Block.h">
      <Filter>Storage</Filter>
    </ClInclude>
    <ClInclude Include="RecordJob.h">
      <Filter>Storage</Filter>
    </ClInclude>
    <ClInclude Include="RecordProducer.h">
      <Filter>Storage</Filter>
    </ClInclude>
    <ClInclude Include="..\common\Allocator.h">
      <Filter>Common</Filter>
    </ClInclude>
    <ClInclude Include="..\common\AsyncFile.h">
      <Filter>Common</Filter>
    </ClInclude>
    <ClInclude Include="..\common\File.h">
      <Filter>Common</Filter>
    </ClInclude>
    <ClInclude Include="..\common\FramePtr.h">
      <Filter>Common</Filter>
    </ClInclude>
    <ClInclude Include="..\common\MetaDataPtr.h">
      <Filter>Common</Filter>
    </ClInclude>
    <ClInclude Include="..\common\Path.h">
      <Filter>Common</Filter>
    </ClInclude>
    <ClInclude Include="..\common\Queue.h">
      <Filter>Common</Filter>
    </ClInclude>
    <ClInclude Include="..\common\Thread.h">
      <Filter>Common</Filter>
    </ClInclude>
    <ClInclude Include="..\common\ThreadPool.h">
      <Filter>Common</Filter>
    </ClInclude>
    <ClInclude Include="..\common\Utility.h">
      <Filter>Common</Filter>
    </ClInclude>
    <ClInclude Include="..\common\UUID.h">
      <Filter>Common</Filter>
    </ClInclude>
    <ClInclude Include="HttpLiveStreamServer.h">
      <Filter>Media</Filter>
    </ClInclude>
    <ClInclude Include="IOThreadPool.h">
      <Filter>Common</Filter>
    </ClInclude>
    <ClInclude Include="TcpStreamServer.h">
      <Filter>Media</Filter>
    </ClInclude>
    <ClInclude Include="TCPServer.h">
      <Filter>Common</Filter>
    </ClInclude>
  </ItemGroup>
  <ItemGroup>
    <ClCompile Include="PluginMgr.cpp">
      <Filter>Plugins</Filter>
    </ClCompile>
    <ClCompile Include="dolphin.cpp">
      <Filter>Dolphin</Filter>
    </ClCompile>
    <ClCompile Include="stdafx.cpp">
      <Filter>Dolphin</Filter>
    </ClCompile>
    <ClCompile Include="MediaMgr.cpp">
      <Filter>Media</Filter>
    </ClCompile>
    <ClCompile Include="PlugItem.cpp">
      <Filter>Plugins</Filter>
    </ClCompile>
    <ClCompile Include="AnalysisMgr.cpp">
      <Filter>Analysis</Filter>
    </ClCompile>
    <ClCompile Include="Consumer.cpp">
      <Filter>Base</Filter>
    </ClCompile>
    <ClCompile Include="Producer.cpp">
      <Filter>Base</Filter>
    </ClCompile>
    <ClCompile Include="Engine.cpp">
      <Filter>Base</Filter>
    </ClCompile>
    <ClCompile Include="MediaSession.cpp">
      <Filter>Media</Filter>
    </ClCompile>
    <ClCompile Include="Archieve.cpp">
      <Filter>Storage</Filter>
    </ClCompile>
    <ClCompile Include="Decoder.cpp">
      <Filter>Codec</Filter>
    </ClCompile>
    <ClCompile Include="Encoder.cpp">
      <Filter>Codec</Filter>
    </ClCompile>
    <ClCompile Include="Database.cpp">
      <Filter>Database</Filter>
    </ClCompile>
    <ClCompile Include="StreamProcducer.cpp">
      <Filter>Media</Filter>
    </ClCompile>
    <ClCompile Include="Plugin.cpp">
      <Filter>Plugins</Filter>
    </ClCompile>
    <ClCompile Include="DolphinWebService.cpp">
      <Filter>Web</Filter>
    </ClCompile>
    <ClCompile Include="Playlist.cpp">
      <Filter>Media</Filter>
    </ClCompile>
    <ClCompile Include="RecordConsumer.cpp">
      <Filter>Storage</Filter>
    </ClCompile>
    <ClCompile Include="DiskMgr.cpp">
      <Filter>Storage</Filter>
    </ClCompile>
    <ClCompile Include="Block.cpp">
      <Filter>Storage</Filter>
    </ClCompile>
    <ClCompile Include="RecordJob.cpp">
      <Filter>Storage</Filter>
    </ClCompile>
    <ClCompile Include="RecordProducer.cpp">
      <Filter>Storage</Filter>
    </ClCompile>
    <ClCompile Include="..\common\Allocator.cpp">
      <Filter>Common</Filter>
    </ClCompile>
    <ClCompile Include="..\common\AsyncFile.cpp">
      <Filter>Common</Filter>
    </ClCompile>
    <ClCompile Include="..\common\File.cpp">
      <Filter>Common</Filter>
    </ClCompile>
    <ClCompile Include="..\common\FramePtr.cpp">
      <Filter>Common</Filter>
    </ClCompile>
    <ClCompile Include="..\common\MetaDataPtr.cpp">
      <Filter>Common</Filter>
    </ClCompile>
    <ClCompile Include="..\common\Path.cpp">
      <Filter>Common</Filter>
    </ClCompile>
    <ClCompile Include="..\common\Queue.cpp">
      <Filter>Common</Filter>
    </ClCompile>
    <ClCompile Include="..\common\Thread.cpp">
      <Filter>Common</Filter>
    </ClCompile>
    <ClCompile Include="..\common\ThreadPool.cpp">
      <Filter>Common</Filter>
    </ClCompile>
    <ClCompile Include="..\common\Utility.cpp">
      <Filter>Common</Filter>
    </ClCompile>
    <ClCompile Include="..\common\UUID.cpp">
      <Filter>Common</Filter>
    </ClCompile>
    <ClCompile Include="HttpLiveStreamServer.cpp">
      <Filter>Media</Filter>
    </ClCompile>
    <ClCompile Include="IOThreadPool.cpp">
      <Filter>Common</Filter>
    </ClCompile>
    <ClCompile Include="TcpStreamServer.cpp">
      <Filter>Media</Filter>
    </ClCompile>
    <ClCompile Include="TCPServer.cpp">
      <Filter>Common</Filter>
    </ClCompile>
  </ItemGroup>
</Project>