<?xml version="1.0" encoding="utf-8"?>
<Project ToolsVersion="4.0" xmlns="http://schemas.microsoft.com/developer/msbuild/2003">
  <ItemGroup>
    <Filter Include="Resource Files">
      <UniqueIdentifier>{67DA6AB6-F800-4c08-8B7A-83BB121AAD01}</UniqueIdentifier>
      <Extensions>rc;ico;cur;bmp;dlg;rc2;rct;bin;rgs;gif;jpg;jpeg;jpe;resx;tiff;tif;png;wav;mfcribbon-ms</Extensions>
    </Filter>
    <Filter Include="Media">
      <UniqueIdentifier>{68223e78-211b-4487-8b72-aff21c0ab7b6}</UniqueIdentifier>
    </Filter>
    <Filter Include="Plugins">
      <UniqueIdentifier>{03330f54-94cc-4a83-9188-e87f2299e152}</UniqueIdentifier>
    </Filter>
    <Filter Include="Dolphin">
      <UniqueIdentifier>{b617f3b7-20c8-49b3-9834-2b1fd6c61633}</UniqueIdentifier>
    </Filter>
    <Filter Include="Analysis">
      <UniqueIdentifier>{932c7623-f4b0-485e-9fe1-b88009ba5cd4}</UniqueIdentifier>
    </Filter>
    <Filter Include="Common">
      <UniqueIdentifier>{2e715537-9a48-492e-bc83-e18efa2f71ba}</UniqueIdentifier>
    </Filter>
    <Filter Include="Base">
      <UniqueIdentifier>{ba5d1ddc-f592-40b7-ad57-7b1a1b47232f}</UniqueIdentifier>
    </Filter>
    <Filter Include="Storage">
      <UniqueIdentifier>{3cadbccb-c04c-4362-bc08-dec5bae06a32}</UniqueIdentifier>
    </Filter>
    <Filter Include="Web">
      <UniqueIdentifier>{f4e7d2de-e2b2-4f2f-8e64-4c5bfc76f9a9}</UniqueIdentifier>
    </Filter>
    <Filter Include="Codec">
      <UniqueIdentifier>{bd38146b-f29a-43fb-91b1-13363f7fa37d}</UniqueIdentifier>
    </Filter>
  </ItemGroup>
  <ItemGroup>
    <Text Include="ReadMe.txt" />
  </ItemGroup>
  <ItemGroup>
    <ClInclude Include="PluginMgr.h">
      <Filter>Plugins</Filter>
    </ClInclude>
    <ClInclude Include="stdafx.h">
      <Filter>Dolphin</Filter>
    </ClInclude>
    <ClInclude Include="targetver.h">
      <Filter>Dolphin</Filter>
    </ClInclude>
    <ClInclude Include="MediaMgr.h">
      <Filter>Media</Filter>
    </ClInclude>
    <ClInclude Include="PlugItem.h">
      <Filter>Plugins</Filter>
    </ClInclude>
    <ClInclude Include="AnalysisMgr.h">
      <Filter>Analysis</Filter>
    </ClInclude>
    <ClInclude Include="Consumer.h">
      <Filter>Base</Filter>
    </ClInclude>
    <ClInclude Include="Producer.h">
      <Filter>Base</Filter>
    </ClInclude>
    <ClInclude Include="Engine.h">
      <Filter>Base</Filter>
    </ClInclude>
    <ClInclude Include="Queue.h">
      <Filter>Common</Filter>
    </ClInclude>
    <ClInclude Include="MetaDataPtr.h">
      <Filter>Common</Filter>
    </ClInclude>
    <ClInclude Include="FramePtr.h">
      <Filter>Common</Filter>
    </ClInclude>
    <ClInclude Include="MediaSession.h">
      <Filter>Media</Filter>
    </ClInclude>
    <ClInclude Include="Archieve.h">
      <Filter>Storage</Filter>
    </ClInclude>
    <ClInclude Include="Allocator.h">
      <Filter>Common</Filter>
    </ClInclude>
    <ClInclude Include="Decoder.h">
      <Filter>Codec</Filter>
    </ClInclude>
    <ClInclude Include="Encoder.h">
      <Filter>Codec</Filter>
    </ClInclude>
  </ItemGroup>
  <ItemGroup>
    <ClCompile Include="PluginMgr.cpp">
      <Filter>Plugins</Filter>
    </ClCompile>
    <ClCompile Include="dolphin.cpp">
      <Filter>Dolphin</Filter>
    </ClCompile>
    <ClCompile Include="stdafx.cpp">
      <Filter>Dolphin</Filter>
    </ClCompile>
    <ClCompile Include="MediaMgr.cpp">
      <Filter>Media</Filter>
    </ClCompile>
    <ClCompile Include="PlugItem.cpp">
      <Filter>Plugins</Filter>
    </ClCompile>
    <ClCompile Include="AnalysisMgr.cpp">
      <Filter>Analysis</Filter>
    </ClCompile>
    <ClCompile Include="Consumer.cpp">
      <Filter>Base</Filter>
    </ClCompile>
    <ClCompile Include="Producer.cpp">
      <Filter>Base</Filter>
    </ClCompile>
    <ClCompile Include="Engine.cpp">
      <Filter>Base</Filter>
    </ClCompile>
    <ClCompile Include="Queue.cpp">
      <Filter>Common</Filter>
    </ClCompile>
    <ClCompile Include="FramePtr.cpp">
      <Filter>Common</Filter>
    </ClCompile>
    <ClCompile Include="MetaDataPtr.cpp">
      <Filter>Common</Filter>
    </ClCompile>
    <ClCompile Include="MediaSession.cpp">
      <Filter>Media</Filter>
    </ClCompile>
    <ClCompile Include="Archieve.cpp">
      <Filter>Storage</Filter>
    </ClCompile>
    <ClCompile Include="Allocator.cpp">
      <Filter>Common</Filter>
    </ClCompile>
    <ClCompile Include="Decoder.cpp">
      <Filter>Codec</Filter>
    </ClCompile>
    <ClCompile Include="Encoder.cpp">
      <Filter>Codec</Filter>
    </ClCompile>
  </ItemGroup>
</Project>